
Microsoft Visual Studio Solution File, Format Version 12.00
# Visual Studio 15
VisualStudioVersion = 15.0.27130.2010
MinimumVisualStudioVersion = 10.0.40219.1
Project("{FAE04EC0-301F-11D3-BF4B-00C04F79EFBC}") = "P01.StudentsResults", "P01.StudentsResults\P01.StudentsResults.csproj", "{CDC2C847-FC27-4D36-92E8-7B0253788CCF}"
EndProject
Project("{FAE04EC0-301F-11D3-BF4B-00C04F79EFBC}") = "P02.ParseURLs", "P02.ParseURLs\P02.ParseURLs.csproj", "{E92E4795-8679-4A0A-9767-A7169554657E}"
EndProject
Project("{FAE04EC0-301F-11D3-BF4B-00C04F79EFBC}") = "P03.ParseTags", "P03.ParseTags\P03.ParseTags.csproj", "{F4DEFC95-DF91-487D-A3FA-4CBF491CBAB5}"
EndProject
Project("{FAE04EC0-301F-11D3-BF4B-00C04F79EFBC}") = "P04.SpecialWords", "P04.SpecialWords\P04.SpecialWords.csproj", "{FF9A3168-219D-4C4B-B0ED-787C65A7FF36}"
EndProject
Project("{FAE04EC0-301F-11D3-BF4B-00C04F79EFBC}") = "P05.ConcatenateStrings", "P05.ConcatenateStrings\P05.ConcatenateStrings.csproj", "{FCA6F151-A04D-4504-BADD-EC64A124CD49}"
EndProject
Global
	GlobalSection(SolutionConfigurationPlatforms) = preSolution
		Debug|Any CPU = Debug|Any CPU
		Release|Any CPU = Release|Any CPU
	EndGlobalSection
	GlobalSection(ProjectConfigurationPlatforms) = postSolution
		{CDC2C847-FC27-4D36-92E8-7B0253788CCF}.Debug|Any CPU.ActiveCfg = Debug|Any CPU
		{CDC2C847-FC27-4D36-92E8-7B0253788CCF}.Debug|Any CPU.Build.0 = Debug|Any CPU
		{CDC2C847-FC27-4D36-92E8-7B0253788CCF}.Release|Any CPU.ActiveCfg = Release|Any CPU
		{CDC2C847-FC27-4D36-92E8-7B0253788CCF}.Release|Any CPU.Build.0 = Release|Any CPU
		{E92E4795-8679-4A0A-9767-A7169554657E}.Debug|Any CPU.ActiveCfg = Debug|Any CPU
		{E92E4795-8679-4A0A-9767-A7169554657E}.Debug|Any CPU.Build.0 = Debug|Any CPU
		{E92E4795-8679-4A0A-9767-A7169554657E}.Release|Any CPU.ActiveCfg = Release|Any CPU
		{E92E4795-8679-4A0A-9767-A7169554657E}.Release|Any CPU.Build.0 = Release|Any CPU
		{F4DEFC95-DF91-487D-A3FA-4CBF491CBAB5}.Debug|Any CPU.ActiveCfg = Debug|Any CPU
		{F4DEFC95-DF91-487D-A3FA-4CBF491CBAB5}.Debug|Any CPU.Build.0 = Debug|Any CPU
		{F4DEFC95-DF91-487D-A3FA-4CBF491CBAB5}.Release|Any CPU.ActiveCfg = Release|Any CPU
		{F4DEFC95-DF91-487D-A3FA-4CBF491CBAB5}.Release|Any CPU.Build.0 = Release|Any CPU
		{FF9A3168-219D-4C4B-B0ED-787C65A7FF36}.Debug|Any CPU.ActiveCfg = Debug|Any CPU
		{FF9A3168-219D-4C4B-B0ED-787C65A7FF36}.Debug|Any CPU.Build.0 = Debug|Any CPU
		{FF9A3168-219D-4C4B-B0ED-787C65A7FF36}.Release|Any CPU.ActiveCfg = Release|Any CPU
		{FF9A3168-219D-4C4B-B0ED-787C65A7FF36}.Release|Any CPU.Build.0 = Release|Any CPU
		{FCA6F151-A04D-4504-BADD-EC64A124CD49}.Debug|Any CPU.ActiveCfg = Debug|Any CPU
		{FCA6F151-A04D-4504-BADD-EC64A124CD49}.Debug|Any CPU.Build.0 = Debug|Any CPU
		{FCA6F151-A04D-4504-BADD-EC64A124CD49}.Release|Any CPU.ActiveCfg = Release|Any CPU
		{FCA6F151-A04D-4504-BADD-EC64A124CD49}.Release|Any CPU.Build.0 = Release|Any CPU
	EndGlobalSection
	GlobalSection(SolutionProperties) = preSolution
		HideSolutionNode = FALSE
	EndGlobalSection
	GlobalSection(ExtensibilityGlobals) = postSolution
		SolutionGuid = {921FF300-B0D8-4C16-9595-56CD1DB48D4A}
	EndGlobalSection
EndGlobal
