
Microsoft Visual Studio Solution File, Format Version 12.00
# Visual Studio 15
VisualStudioVersion = 15.0.27130.2010
MinimumVisualStudioVersion = 10.0.40219.1
Project("{FAE04EC0-301F-11D3-BF4B-00C04F79EFBC}") = "GrandPrix.App", "GrandPrix.App\GrandPrix.App.csproj", "{99DE9C61-6889-4629-846A-83656C81890D}"
EndProject
Global
	GlobalSection(SolutionConfigurationPlatforms) = preSolution
		Debug|Any CPU = Debug|Any CPU
		Release|Any CPU = Release|Any CPU
	EndGlobalSection
	GlobalSection(ProjectConfigurationPlatforms) = postSolution
		{99DE9C61-6889-4629-846A-83656C81890D}.Debug|Any CPU.ActiveCfg = Debug|Any CPU
		{99DE9C61-6889-4629-846A-83656C81890D}.Debug|Any CPU.Build.0 = Debug|Any CPU
		{99DE9C61-6889-4629-846A-83656C81890D}.Release|Any CPU.ActiveCfg = Release|Any CPU
		{99DE9C61-6889-4629-846A-83656C81890D}.Release|Any CPU.Build.0 = Release|Any CPU
	EndGlobalSection
	GlobalSection(SolutionProperties) = preSolution
		HideSolutionNode = FALSE
	EndGlobalSection
	GlobalSection(ExtensibilityGlobals) = postSolution
		SolutionGuid = {C5FAC46B-EC9E-4E24-8047-7A279C37BFF2}
	EndGlobalSection
EndGlobal
