
Microsoft Visual Studio Solution File, Format Version 12.00
# Visual Studio 15
VisualStudioVersion = 15.0.27428.2037
MinimumVisualStudioVersion = 10.0.40219.1
Project("{9A19103F-16F7-4668-BE54-9A1E7A4F7556}") = "P01.Fibonacci", "P01.Fibonacci\P01.Fibonacci.csproj", "{76FFB17A-9BA4-4B67-AC1A-6D1EDF2BC81C}"
EndProject
Project("{FAE04EC0-301F-11D3-BF4B-00C04F79EFBC}") = "P02.LongestIncreasingSubsequence", "P02.LongestIncreasingSubsequence\P02.LongestIncreasingSubsequence.csproj", "{F2329B90-7201-4872-B8AB-2EB65CD9A4C0}"
EndProject
Global
	GlobalSection(SolutionConfigurationPlatforms) = preSolution
		Debug|Any CPU = Debug|Any CPU
		Release|Any CPU = Release|Any CPU
	EndGlobalSection
	GlobalSection(ProjectConfigurationPlatforms) = postSolution
		{76FFB17A-9BA4-4B67-AC1A-6D1EDF2BC81C}.Debug|Any CPU.ActiveCfg = Debug|Any CPU
		{76FFB17A-9BA4-4B67-AC1A-6D1EDF2BC81C}.Debug|Any CPU.Build.0 = Debug|Any CPU
		{76FFB17A-9BA4-4B67-AC1A-6D1EDF2BC81C}.Release|Any CPU.ActiveCfg = Release|Any CPU
		{76FFB17A-9BA4-4B67-AC1A-6D1EDF2BC81C}.Release|Any CPU.Build.0 = Release|Any CPU
		{F2329B90-7201-4872-B8AB-2EB65CD9A4C0}.Debug|Any CPU.ActiveCfg = Debug|Any CPU
		{F2329B90-7201-4872-B8AB-2EB65CD9A4C0}.Debug|Any CPU.Build.0 = Debug|Any CPU
		{F2329B90-7201-4872-B8AB-2EB65CD9A4C0}.Release|Any CPU.ActiveCfg = Release|Any CPU
		{F2329B90-7201-4872-B8AB-2EB65CD9A4C0}.Release|Any CPU.Build.0 = Release|Any CPU
	EndGlobalSection
	GlobalSection(SolutionProperties) = preSolution
		HideSolutionNode = FALSE
	EndGlobalSection
	GlobalSection(ExtensibilityGlobals) = postSolution
		SolutionGuid = {F3197536-A6DB-4C90-9702-94A312940958}
	EndGlobalSection
EndGlobal
