
Microsoft Visual Studio Solution File, Format Version 12.00
# Visual Studio 15
VisualStudioVersion = 15.0.26730.15
MinimumVisualStudioVersion = 10.0.40219.1
Project("{FAE04EC0-301F-11D3-BF4B-00C04F79EFBC}") = "ProductsShop.App", "ProductsShop.App\ProductsShop.App.csproj", "{48A2500D-7B04-4304-8CB0-DF02FB02DE6D}"
EndProject
Project("{FAE04EC0-301F-11D3-BF4B-00C04F79EFBC}") = "ProductsShop.Models", "ProductsShop.Models\ProductsShop.Models.csproj", "{4E4CC37C-AF4A-4D1B-B93B-7C736BC65D03}"
EndProject
Project("{FAE04EC0-301F-11D3-BF4B-00C04F79EFBC}") = "ProductsShop.Data", "ProductsShop.Data\ProductsShop.Data.csproj", "{8B0C08D7-35ED-4F7C-807D-532A23EB4A28}"
EndProject
Global
	GlobalSection(SolutionConfigurationPlatforms) = preSolution
		Debug|Any CPU = Debug|Any CPU
		Release|Any CPU = Release|Any CPU
	EndGlobalSection
	GlobalSection(ProjectConfigurationPlatforms) = postSolution
		{48A2500D-7B04-4304-8CB0-DF02FB02DE6D}.Debug|Any CPU.ActiveCfg = Debug|Any CPU
		{48A2500D-7B04-4304-8CB0-DF02FB02DE6D}.Debug|Any CPU.Build.0 = Debug|Any CPU
		{48A2500D-7B04-4304-8CB0-DF02FB02DE6D}.Release|Any CPU.ActiveCfg = Release|Any CPU
		{48A2500D-7B04-4304-8CB0-DF02FB02DE6D}.Release|Any CPU.Build.0 = Release|Any CPU
		{4E4CC37C-AF4A-4D1B-B93B-7C736BC65D03}.Debug|Any CPU.ActiveCfg = Debug|Any CPU
		{4E4CC37C-AF4A-4D1B-B93B-7C736BC65D03}.Debug|Any CPU.Build.0 = Debug|Any CPU
		{4E4CC37C-AF4A-4D1B-B93B-7C736BC65D03}.Release|Any CPU.ActiveCfg = Release|Any CPU
		{4E4CC37C-AF4A-4D1B-B93B-7C736BC65D03}.Release|Any CPU.Build.0 = Release|Any CPU
		{8B0C08D7-35ED-4F7C-807D-532A23EB4A28}.Debug|Any CPU.ActiveCfg = Debug|Any CPU
		{8B0C08D7-35ED-4F7C-807D-532A23EB4A28}.Debug|Any CPU.Build.0 = Debug|Any CPU
		{8B0C08D7-35ED-4F7C-807D-532A23EB4A28}.Release|Any CPU.ActiveCfg = Release|Any CPU
		{8B0C08D7-35ED-4F7C-807D-532A23EB4A28}.Release|Any CPU.Build.0 = Release|Any CPU
	EndGlobalSection
	GlobalSection(SolutionProperties) = preSolution
		HideSolutionNode = FALSE
	EndGlobalSection
	GlobalSection(ExtensibilityGlobals) = postSolution
		SolutionGuid = {F8353EC0-1DF8-4885-875E-9EE6B4A1E9CC}
	EndGlobalSection
EndGlobal
