
Microsoft Visual Studio Solution File, Format Version 12.00
# Visual Studio 15
VisualStudioVersion = 15.0.27130.2010
MinimumVisualStudioVersion = 10.0.40219.1
Project("{FAE04EC0-301F-11D3-BF4B-00C04F79EFBC}") = "VehiclesExtension", "VehiclesExtension\VehiclesExtension.csproj", "{5B1FE827-F18A-4B79-B995-67D50827E12A}"
EndProject
Global
	GlobalSection(SolutionConfigurationPlatforms) = preSolution
		Debug|Any CPU = Debug|Any CPU
		Release|Any CPU = Release|Any CPU
	EndGlobalSection
	GlobalSection(ProjectConfigurationPlatforms) = postSolution
		{5B1FE827-F18A-4B79-B995-67D50827E12A}.Debug|Any CPU.ActiveCfg = Debug|Any CPU
		{5B1FE827-F18A-4B79-B995-67D50827E12A}.Debug|Any CPU.Build.0 = Debug|Any CPU
		{5B1FE827-F18A-4B79-B995-67D50827E12A}.Release|Any CPU.ActiveCfg = Release|Any CPU
		{5B1FE827-F18A-4B79-B995-67D50827E12A}.Release|Any CPU.Build.0 = Release|Any CPU
	EndGlobalSection
	GlobalSection(SolutionProperties) = preSolution
		HideSolutionNode = FALSE
	EndGlobalSection
	GlobalSection(ExtensibilityGlobals) = postSolution
		SolutionGuid = {6AD71A20-959F-4BEB-A972-26E86AD706D5}
	EndGlobalSection
EndGlobal
