
Microsoft Visual Studio Solution File, Format Version 12.00
# Visual Studio 14
VisualStudioVersion = 14.0.25420.1
MinimumVisualStudioVersion = 10.0.40219.1
Project("{FAE04EC0-301F-11D3-BF4B-00C04F79EFBC}") = "03.Spyfer", "03.Spyfer\03.Spyfer.csproj", "{D3B87D79-8C19-4010-A05C-7CB38C38445C}"
EndProject
Project("{FAE04EC0-301F-11D3-BF4B-00C04F79EFBC}") = "04.NSA", "04.NSA\04.NSA.csproj", "{DD69336D-CC42-416E-8801-33EE36F54374}"
EndProject
Global
	GlobalSection(SolutionConfigurationPlatforms) = preSolution
		Debug|Any CPU = Debug|Any CPU
		Release|Any CPU = Release|Any CPU
	EndGlobalSection
	GlobalSection(ProjectConfigurationPlatforms) = postSolution
		{D3B87D79-8C19-4010-A05C-7CB38C38445C}.Debug|Any CPU.ActiveCfg = Debug|Any CPU
		{D3B87D79-8C19-4010-A05C-7CB38C38445C}.Debug|Any CPU.Build.0 = Debug|Any CPU
		{D3B87D79-8C19-4010-A05C-7CB38C38445C}.Release|Any CPU.ActiveCfg = Release|Any CPU
		{D3B87D79-8C19-4010-A05C-7CB38C38445C}.Release|Any CPU.Build.0 = Release|Any CPU
		{DD69336D-CC42-416E-8801-33EE36F54374}.Debug|Any CPU.ActiveCfg = Debug|Any CPU
		{DD69336D-CC42-416E-8801-33EE36F54374}.Debug|Any CPU.Build.0 = Debug|Any CPU
		{DD69336D-CC42-416E-8801-33EE36F54374}.Release|Any CPU.ActiveCfg = Release|Any CPU
		{DD69336D-CC42-416E-8801-33EE36F54374}.Release|Any CPU.Build.0 = Release|Any CPU
	EndGlobalSection
	GlobalSection(SolutionProperties) = preSolution
		HideSolutionNode = FALSE
	EndGlobalSection
EndGlobal
