
Microsoft Visual Studio Solution File, Format Version 12.00
# Visual Studio 15
VisualStudioVersion = 15.0.26730.15
MinimumVisualStudioVersion = 10.0.40219.1
Project("{FAE04EC0-301F-11D3-BF4B-00C04F79EFBC}") = "01.SingleInheritance", "01.SingleInheritance\01.SingleInheritance.csproj", "{5206DEAC-4ACE-422D-B37D-40C65E13DFE0}"
EndProject
Project("{FAE04EC0-301F-11D3-BF4B-00C04F79EFBC}") = "02.MultipleInheritance", "02.MultipleInheritance\02.MultipleInheritance.csproj", "{1C16BECE-D5BC-4E87-A3A1-7908A27CFDF8}"
EndProject
Project("{FAE04EC0-301F-11D3-BF4B-00C04F79EFBC}") = "03.HierarchicalInheritance", "03.HierarchicalInheritance\03.HierarchicalInheritance.csproj", "{12D8933E-FC69-406B-B43C-55D1E1613CF5}"
EndProject
Project("{FAE04EC0-301F-11D3-BF4B-00C04F79EFBC}") = "04.RandomList", "04.RandomList\04.RandomList.csproj", "{21E33629-4CF8-4E56-B2E4-3B8C4A5044B9}"
EndProject
Project("{FAE04EC0-301F-11D3-BF4B-00C04F79EFBC}") = "05.StorageBox", "05.StorageBox\05.StorageBox.csproj", "{5F31E09E-8191-4D12-94C6-C9D9DADDB7F2}"
EndProject
Global
	GlobalSection(SolutionConfigurationPlatforms) = preSolution
		Debug|Any CPU = Debug|Any CPU
		Release|Any CPU = Release|Any CPU
	EndGlobalSection
	GlobalSection(ProjectConfigurationPlatforms) = postSolution
		{5206DEAC-4ACE-422D-B37D-40C65E13DFE0}.Debug|Any CPU.ActiveCfg = Debug|Any CPU
		{5206DEAC-4ACE-422D-B37D-40C65E13DFE0}.Debug|Any CPU.Build.0 = Debug|Any CPU
		{5206DEAC-4ACE-422D-B37D-40C65E13DFE0}.Release|Any CPU.ActiveCfg = Release|Any CPU
		{5206DEAC-4ACE-422D-B37D-40C65E13DFE0}.Release|Any CPU.Build.0 = Release|Any CPU
		{1C16BECE-D5BC-4E87-A3A1-7908A27CFDF8}.Debug|Any CPU.ActiveCfg = Debug|Any CPU
		{1C16BECE-D5BC-4E87-A3A1-7908A27CFDF8}.Debug|Any CPU.Build.0 = Debug|Any CPU
		{1C16BECE-D5BC-4E87-A3A1-7908A27CFDF8}.Release|Any CPU.ActiveCfg = Release|Any CPU
		{1C16BECE-D5BC-4E87-A3A1-7908A27CFDF8}.Release|Any CPU.Build.0 = Release|Any CPU
		{12D8933E-FC69-406B-B43C-55D1E1613CF5}.Debug|Any CPU.ActiveCfg = Debug|Any CPU
		{12D8933E-FC69-406B-B43C-55D1E1613CF5}.Debug|Any CPU.Build.0 = Debug|Any CPU
		{12D8933E-FC69-406B-B43C-55D1E1613CF5}.Release|Any CPU.ActiveCfg = Release|Any CPU
		{12D8933E-FC69-406B-B43C-55D1E1613CF5}.Release|Any CPU.Build.0 = Release|Any CPU
		{21E33629-4CF8-4E56-B2E4-3B8C4A5044B9}.Debug|Any CPU.ActiveCfg = Debug|Any CPU
		{21E33629-4CF8-4E56-B2E4-3B8C4A5044B9}.Debug|Any CPU.Build.0 = Debug|Any CPU
		{21E33629-4CF8-4E56-B2E4-3B8C4A5044B9}.Release|Any CPU.ActiveCfg = Release|Any CPU
		{21E33629-4CF8-4E56-B2E4-3B8C4A5044B9}.Release|Any CPU.Build.0 = Release|Any CPU
		{5F31E09E-8191-4D12-94C6-C9D9DADDB7F2}.Debug|Any CPU.ActiveCfg = Debug|Any CPU
		{5F31E09E-8191-4D12-94C6-C9D9DADDB7F2}.Debug|Any CPU.Build.0 = Debug|Any CPU
		{5F31E09E-8191-4D12-94C6-C9D9DADDB7F2}.Release|Any CPU.ActiveCfg = Release|Any CPU
		{5F31E09E-8191-4D12-94C6-C9D9DADDB7F2}.Release|Any CPU.Build.0 = Release|Any CPU
	EndGlobalSection
	GlobalSection(SolutionProperties) = preSolution
		HideSolutionNode = FALSE
	EndGlobalSection
	GlobalSection(ExtensibilityGlobals) = postSolution
		SolutionGuid = {60A681F2-A065-4A12-B8AF-E4A3B17C541A}
	EndGlobalSection
EndGlobal
