
Microsoft Visual Studio Solution File, Format Version 12.00
# Visual Studio 15
VisualStudioVersion = 15.0.27130.2010
MinimumVisualStudioVersion = 10.0.40219.1
Project("{FAE04EC0-301F-11D3-BF4B-00C04F79EFBC}") = "P01.CollectResources", "P01.CollectResources\P01.CollectResources.csproj", "{3B24485C-5C68-47FA-AAE4-922CBFF9C7DC}"
EndProject
Project("{FAE04EC0-301F-11D3-BF4B-00C04F79EFBC}") = "P02.ParkingSystem", "P02.ParkingSystem\P02.ParkingSystem.csproj", "{A5E6993A-410E-4039-B911-51C8B30CF9E4}"
EndProject
Project("{FAE04EC0-301F-11D3-BF4B-00C04F79EFBC}") = "P03.SoftuniNumerals", "P03.SoftuniNumerals\P03.SoftuniNumerals.csproj", "{C4C538D1-7429-466A-BB6C-C3718F7EB265}"
EndProject
Project("{FAE04EC0-301F-11D3-BF4B-00C04F79EFBC}") = "P04.Events", "P04.Events\P04.Events.csproj", "{8EAF5395-11ED-4226-9B7F-68BFF6CF9FC3}"
EndProject
Global
	GlobalSection(SolutionConfigurationPlatforms) = preSolution
		Debug|Any CPU = Debug|Any CPU
		Release|Any CPU = Release|Any CPU
	EndGlobalSection
	GlobalSection(ProjectConfigurationPlatforms) = postSolution
		{3B24485C-5C68-47FA-AAE4-922CBFF9C7DC}.Debug|Any CPU.ActiveCfg = Debug|Any CPU
		{3B24485C-5C68-47FA-AAE4-922CBFF9C7DC}.Debug|Any CPU.Build.0 = Debug|Any CPU
		{3B24485C-5C68-47FA-AAE4-922CBFF9C7DC}.Release|Any CPU.ActiveCfg = Release|Any CPU
		{3B24485C-5C68-47FA-AAE4-922CBFF9C7DC}.Release|Any CPU.Build.0 = Release|Any CPU
		{A5E6993A-410E-4039-B911-51C8B30CF9E4}.Debug|Any CPU.ActiveCfg = Debug|Any CPU
		{A5E6993A-410E-4039-B911-51C8B30CF9E4}.Debug|Any CPU.Build.0 = Debug|Any CPU
		{A5E6993A-410E-4039-B911-51C8B30CF9E4}.Release|Any CPU.ActiveCfg = Release|Any CPU
		{A5E6993A-410E-4039-B911-51C8B30CF9E4}.Release|Any CPU.Build.0 = Release|Any CPU
		{C4C538D1-7429-466A-BB6C-C3718F7EB265}.Debug|Any CPU.ActiveCfg = Debug|Any CPU
		{C4C538D1-7429-466A-BB6C-C3718F7EB265}.Debug|Any CPU.Build.0 = Debug|Any CPU
		{C4C538D1-7429-466A-BB6C-C3718F7EB265}.Release|Any CPU.ActiveCfg = Release|Any CPU
		{C4C538D1-7429-466A-BB6C-C3718F7EB265}.Release|Any CPU.Build.0 = Release|Any CPU
		{8EAF5395-11ED-4226-9B7F-68BFF6CF9FC3}.Debug|Any CPU.ActiveCfg = Debug|Any CPU
		{8EAF5395-11ED-4226-9B7F-68BFF6CF9FC3}.Debug|Any CPU.Build.0 = Debug|Any CPU
		{8EAF5395-11ED-4226-9B7F-68BFF6CF9FC3}.Release|Any CPU.ActiveCfg = Release|Any CPU
		{8EAF5395-11ED-4226-9B7F-68BFF6CF9FC3}.Release|Any CPU.Build.0 = Release|Any CPU
	EndGlobalSection
	GlobalSection(SolutionProperties) = preSolution
		HideSolutionNode = FALSE
	EndGlobalSection
	GlobalSection(ExtensibilityGlobals) = postSolution
		SolutionGuid = {24B85564-25D2-44BD-8877-A8EABA1784F4}
	EndGlobalSection
EndGlobal
