
Microsoft Visual Studio Solution File, Format Version 12.00
# Visual Studio 15
VisualStudioVersion = 15.0.26730.15
MinimumVisualStudioVersion = 10.0.40219.1
Project("{FAE04EC0-301F-11D3-BF4B-00C04F79EFBC}") = "01.DefineClassPerson", "01.DefineClassPerson\01.DefineClassPerson.csproj", "{59518E6D-967D-4EE4-A9BD-3E05C74AF968}"
EndProject
Project("{FAE04EC0-301F-11D3-BF4B-00C04F79EFBC}") = "02.CreatingConstructors", "02.CreatingConstructors\02.CreatingConstructors.csproj", "{5ACCE274-D81A-44D0-A0AA-CB17719D9DEA}"
EndProject
Project("{FAE04EC0-301F-11D3-BF4B-00C04F79EFBC}") = "03.OpinionPoll", "03.OpinionPoll\03.OpinionPoll.csproj", "{248DBC6A-C7E1-4963-A316-59BD751C830C}"
EndProject
Project("{FAE04EC0-301F-11D3-BF4B-00C04F79EFBC}") = "04.SpeedRacing", "04.SpeedRacing\04.SpeedRacing.csproj", "{04BA35E4-7B90-429C-8513-7E723A9B2EA3}"
EndProject
Project("{FAE04EC0-301F-11D3-BF4B-00C04F79EFBC}") = "05.CompanyRoster", "05.CompanyRoster\05.CompanyRoster.csproj", "{BD61F442-3D28-442C-8174-46B9E0AAF6C6}"
EndProject
Global
	GlobalSection(SolutionConfigurationPlatforms) = preSolution
		Debug|Any CPU = Debug|Any CPU
		Release|Any CPU = Release|Any CPU
	EndGlobalSection
	GlobalSection(ProjectConfigurationPlatforms) = postSolution
		{59518E6D-967D-4EE4-A9BD-3E05C74AF968}.Debug|Any CPU.ActiveCfg = Debug|Any CPU
		{59518E6D-967D-4EE4-A9BD-3E05C74AF968}.Debug|Any CPU.Build.0 = Debug|Any CPU
		{59518E6D-967D-4EE4-A9BD-3E05C74AF968}.Release|Any CPU.ActiveCfg = Release|Any CPU
		{59518E6D-967D-4EE4-A9BD-3E05C74AF968}.Release|Any CPU.Build.0 = Release|Any CPU
		{5ACCE274-D81A-44D0-A0AA-CB17719D9DEA}.Debug|Any CPU.ActiveCfg = Debug|Any CPU
		{5ACCE274-D81A-44D0-A0AA-CB17719D9DEA}.Debug|Any CPU.Build.0 = Debug|Any CPU
		{5ACCE274-D81A-44D0-A0AA-CB17719D9DEA}.Release|Any CPU.ActiveCfg = Release|Any CPU
		{5ACCE274-D81A-44D0-A0AA-CB17719D9DEA}.Release|Any CPU.Build.0 = Release|Any CPU
		{248DBC6A-C7E1-4963-A316-59BD751C830C}.Debug|Any CPU.ActiveCfg = Debug|Any CPU
		{248DBC6A-C7E1-4963-A316-59BD751C830C}.Debug|Any CPU.Build.0 = Debug|Any CPU
		{248DBC6A-C7E1-4963-A316-59BD751C830C}.Release|Any CPU.ActiveCfg = Release|Any CPU
		{248DBC6A-C7E1-4963-A316-59BD751C830C}.Release|Any CPU.Build.0 = Release|Any CPU
		{04BA35E4-7B90-429C-8513-7E723A9B2EA3}.Debug|Any CPU.ActiveCfg = Debug|Any CPU
		{04BA35E4-7B90-429C-8513-7E723A9B2EA3}.Debug|Any CPU.Build.0 = Debug|Any CPU
		{04BA35E4-7B90-429C-8513-7E723A9B2EA3}.Release|Any CPU.ActiveCfg = Release|Any CPU
		{04BA35E4-7B90-429C-8513-7E723A9B2EA3}.Release|Any CPU.Build.0 = Release|Any CPU
		{BD61F442-3D28-442C-8174-46B9E0AAF6C6}.Debug|Any CPU.ActiveCfg = Debug|Any CPU
		{BD61F442-3D28-442C-8174-46B9E0AAF6C6}.Debug|Any CPU.Build.0 = Debug|Any CPU
		{BD61F442-3D28-442C-8174-46B9E0AAF6C6}.Release|Any CPU.ActiveCfg = Release|Any CPU
		{BD61F442-3D28-442C-8174-46B9E0AAF6C6}.Release|Any CPU.Build.0 = Release|Any CPU
	EndGlobalSection
	GlobalSection(SolutionProperties) = preSolution
		HideSolutionNode = FALSE
	EndGlobalSection
	GlobalSection(ExtensibilityGlobals) = postSolution
		SolutionGuid = {D65885C8-8352-45D2-A364-5D5363D6B692}
	EndGlobalSection
EndGlobal
