
Microsoft Visual Studio Solution File, Format Version 12.00
# Visual Studio 15
VisualStudioVersion = 15.0.26730.15
MinimumVisualStudioVersion = 10.0.40219.1
Project("{FAE04EC0-301F-11D3-BF4B-00C04F79EFBC}") = "TeamBuilder.Client", "TeamBuilder.Client\TeamBuilder.Client.csproj", "{1E227EFF-B8D2-4C41-9128-30BF76D1FD95}"
EndProject
Project("{FAE04EC0-301F-11D3-BF4B-00C04F79EFBC}") = "TeamBuilder.Models", "TeamBuilder.Models\TeamBuilder.Models.csproj", "{53EADAED-79E1-429E-AE7E-4D6EF298E539}"
EndProject
Project("{FAE04EC0-301F-11D3-BF4B-00C04F79EFBC}") = "TeamBuilder.Data", "TeamBuilder.Data\TeamBuilder.Data.csproj", "{47924957-1980-487E-B548-A3BD0CEE854E}"
EndProject
Global
	GlobalSection(SolutionConfigurationPlatforms) = preSolution
		Debug|Any CPU = Debug|Any CPU
		Release|Any CPU = Release|Any CPU
	EndGlobalSection
	GlobalSection(ProjectConfigurationPlatforms) = postSolution
		{1E227EFF-B8D2-4C41-9128-30BF76D1FD95}.Debug|Any CPU.ActiveCfg = Debug|Any CPU
		{1E227EFF-B8D2-4C41-9128-30BF76D1FD95}.Debug|Any CPU.Build.0 = Debug|Any CPU
		{1E227EFF-B8D2-4C41-9128-30BF76D1FD95}.Release|Any CPU.ActiveCfg = Release|Any CPU
		{1E227EFF-B8D2-4C41-9128-30BF76D1FD95}.Release|Any CPU.Build.0 = Release|Any CPU
		{53EADAED-79E1-429E-AE7E-4D6EF298E539}.Debug|Any CPU.ActiveCfg = Debug|Any CPU
		{53EADAED-79E1-429E-AE7E-4D6EF298E539}.Debug|Any CPU.Build.0 = Debug|Any CPU
		{53EADAED-79E1-429E-AE7E-4D6EF298E539}.Release|Any CPU.ActiveCfg = Release|Any CPU
		{53EADAED-79E1-429E-AE7E-4D6EF298E539}.Release|Any CPU.Build.0 = Release|Any CPU
		{47924957-1980-487E-B548-A3BD0CEE854E}.Debug|Any CPU.ActiveCfg = Debug|Any CPU
		{47924957-1980-487E-B548-A3BD0CEE854E}.Debug|Any CPU.Build.0 = Debug|Any CPU
		{47924957-1980-487E-B548-A3BD0CEE854E}.Release|Any CPU.ActiveCfg = Release|Any CPU
		{47924957-1980-487E-B548-A3BD0CEE854E}.Release|Any CPU.Build.0 = Release|Any CPU
	EndGlobalSection
	GlobalSection(SolutionProperties) = preSolution
		HideSolutionNode = FALSE
	EndGlobalSection
	GlobalSection(ExtensibilityGlobals) = postSolution
		SolutionGuid = {B7E80A56-3A43-421D-B7FD-28D081E8AE90}
	EndGlobalSection
EndGlobal
